
Microsoft Visual Studio Solution File, Format Version 12.00
# Visual Studio 2013
VisualStudioVersion = 12.0.31101.0
MinimumVisualStudioVersion = 10.0.40219.1
Project("{FAE04EC0-301F-11D3-BF4B-00C04F79EFBC}") = "Kokoro", "Kokoro\Kokoro.csproj", "{6D8EB8BD-F8AD-4FE1-995F-4EEFBC2BC8F5}"
	ProjectSection(ProjectDependencies) = postProject
		{802D0C28-D52E-4718-8A42-28B72FAB05E5} = {802D0C28-D52E-4718-8A42-28B72FAB05E5}
		{1F25123A-85AA-4CDE-B0CE-A918F867BA12} = {1F25123A-85AA-4CDE-B0CE-A918F867BA12}
		{3CC9E16B-C337-420E-A9D2-D7203CE4ABFE} = {3CC9E16B-C337-420E-A9D2-D7203CE4ABFE}
	EndProjectSection
EndProject
Project("{FAE04EC0-301F-11D3-BF4B-00C04F79EFBC}") = "Resources", "Resources\Resources.csproj", "{1F25123A-85AA-4CDE-B0CE-A918F867BA12}"
EndProject
Project("{FAE04EC0-301F-11D3-BF4B-00C04F79EFBC}") = "Shaders", "Shaders\Shaders.csproj", "{802D0C28-D52E-4718-8A42-28B72FAB05E5}"
EndProject
Project("{FAE04EC0-301F-11D3-BF4B-00C04F79EFBC}") = "Kokoro.Shaders", "Kokoro.Shaders\Kokoro.Shaders.csproj", "{3CC9E16B-C337-420E-A9D2-D7203CE4ABFE}"
EndProject
Project("{2150E333-8FDC-42A3-9474-1A3956D46DE8}") = "Tools", "Tools", "{0306BFB8-4DB5-4877-8345-8A764A28E689}"
EndProject
Project("{2150E333-8FDC-42A3-9474-1A3956D46DE8}") = "Kokoro Demos", "Kokoro Demos", "{BF8307A1-6073-47EC-85EF-FD68B3EF582A}"
EndProject
Project("{FAE04EC0-301F-11D3-BF4B-00C04F79EFBC}") = "Sandbox", "Sandbox\Sandbox.csproj", "{F288127F-87A4-4BA7-AAC9-9F3ECCB1DC4B}"
	ProjectSection(ProjectDependencies) = postProject
		{6D8EB8BD-F8AD-4FE1-995F-4EEFBC2BC8F5} = {6D8EB8BD-F8AD-4FE1-995F-4EEFBC2BC8F5}
	EndProjectSection
EndProject
Project("{FAE04EC0-301F-11D3-BF4B-00C04F79EFBC}") = "Kokoro.Launcher", "Kokoro.Launcher\Kokoro.Launcher.csproj", "{C87C967A-56C2-4340-91B1-E04B7C639F0B}"
EndProject
Project("{FAE04EC0-301F-11D3-BF4B-00C04F79EFBC}") = "Akane", "Akane\Akane.csproj", "{2C15B0E5-565B-450C-B25D-2745A8B0E9E2}"
EndProject
Project("{FAE04EC0-301F-11D3-BF4B-00C04F79EFBC}") = "Akane.Launcher", "Akane.Launcher\Akane.Launcher.csproj", "{B27D0C4E-2654-4ED1-B67F-56C4BD48B0C6}"
EndProject
Project("{FAE04EC0-301F-11D3-BF4B-00C04F79EFBC}") = "Akane.Shaders", "Akane.Shaders\Akane.Shaders.csproj", "{02262FDE-922E-41C3-9E29-C88D466522A4}"
EndProject
Project("{2150E333-8FDC-42A3-9474-1A3956D46DE8}") = "Kokoro.Engine", "Kokoro.Engine", "{35FBC9E0-CFBE-493E-B208-B6C1CC9C6769}"
EndProject
Project("{2150E333-8FDC-42A3-9474-1A3956D46DE8}") = "Akane Demos", "Akane Demos", "{6ED43B58-CBFE-45B3-B24A-AAC955F18CFE}"
EndProject
Project("{2150E333-8FDC-42A3-9474-1A3956D46DE8}") = "Akane.Engine", "Akane.Engine", "{B093D051-CCB5-40FA-8FA1-24B1D5C13AAB}"
EndProject
Project("{FAE04EC0-301F-11D3-BF4B-00C04F79EFBC}") = "ImoutoPlatformer", "ImoutoPlatformer\ImoutoPlatformer.csproj", "{A050D0CF-8E71-40B2-BCDC-765100464E19}"
EndProject
Global
	GlobalSection(SolutionConfigurationPlatforms) = preSolution
		Debug|Any CPU = Debug|Any CPU
		Release|Any CPU = Release|Any CPU
	EndGlobalSection
	GlobalSection(ProjectConfigurationPlatforms) = postSolution
		{6D8EB8BD-F8AD-4FE1-995F-4EEFBC2BC8F5}.Debug|Any CPU.ActiveCfg = Debug|Any CPU
		{6D8EB8BD-F8AD-4FE1-995F-4EEFBC2BC8F5}.Debug|Any CPU.Build.0 = Debug|Any CPU
		{6D8EB8BD-F8AD-4FE1-995F-4EEFBC2BC8F5}.Release|Any CPU.ActiveCfg = Release|Any CPU
		{6D8EB8BD-F8AD-4FE1-995F-4EEFBC2BC8F5}.Release|Any CPU.Build.0 = Release|Any CPU
		{1F25123A-85AA-4CDE-B0CE-A918F867BA12}.Debug|Any CPU.ActiveCfg = Debug|Any CPU
		{1F25123A-85AA-4CDE-B0CE-A918F867BA12}.Debug|Any CPU.Build.0 = Debug|Any CPU
		{1F25123A-85AA-4CDE-B0CE-A918F867BA12}.Release|Any CPU.ActiveCfg = Release|Any CPU
		{1F25123A-85AA-4CDE-B0CE-A918F867BA12}.Release|Any CPU.Build.0 = Release|Any CPU
		{802D0C28-D52E-4718-8A42-28B72FAB05E5}.Debug|Any CPU.ActiveCfg = Debug|Any CPU
		{802D0C28-D52E-4718-8A42-28B72FAB05E5}.Debug|Any CPU.Build.0 = Debug|Any CPU
		{802D0C28-D52E-4718-8A42-28B72FAB05E5}.Release|Any CPU.ActiveCfg = Release|Any CPU
		{802D0C28-D52E-4718-8A42-28B72FAB05E5}.Release|Any CPU.Build.0 = Release|Any CPU
		{3CC9E16B-C337-420E-A9D2-D7203CE4ABFE}.Debug|Any CPU.ActiveCfg = Debug|Any CPU
		{3CC9E16B-C337-420E-A9D2-D7203CE4ABFE}.Debug|Any CPU.Build.0 = Debug|Any CPU
		{3CC9E16B-C337-420E-A9D2-D7203CE4ABFE}.Release|Any CPU.ActiveCfg = Release|Any CPU
		{3CC9E16B-C337-420E-A9D2-D7203CE4ABFE}.Release|Any CPU.Build.0 = Release|Any CPU
		{F288127F-87A4-4BA7-AAC9-9F3ECCB1DC4B}.Debug|Any CPU.ActiveCfg = Debug|Any CPU
		{F288127F-87A4-4BA7-AAC9-9F3ECCB1DC4B}.Debug|Any CPU.Build.0 = Debug|Any CPU
		{F288127F-87A4-4BA7-AAC9-9F3ECCB1DC4B}.Release|Any CPU.ActiveCfg = Release|Any CPU
		{F288127F-87A4-4BA7-AAC9-9F3ECCB1DC4B}.Release|Any CPU.Build.0 = Release|Any CPU
		{C87C967A-56C2-4340-91B1-E04B7C639F0B}.Debug|Any CPU.ActiveCfg = Debug|Any CPU
		{C87C967A-56C2-4340-91B1-E04B7C639F0B}.Debug|Any CPU.Build.0 = Debug|Any CPU
		{C87C967A-56C2-4340-91B1-E04B7C639F0B}.Release|Any CPU.ActiveCfg = Release|Any CPU
		{C87C967A-56C2-4340-91B1-E04B7C639F0B}.Release|Any CPU.Build.0 = Release|Any CPU
		{2C15B0E5-565B-450C-B25D-2745A8B0E9E2}.Debug|Any CPU.ActiveCfg = Debug|Any CPU
		{2C15B0E5-565B-450C-B25D-2745A8B0E9E2}.Debug|Any CPU.Build.0 = Debug|Any CPU
		{2C15B0E5-565B-450C-B25D-2745A8B0E9E2}.Release|Any CPU.ActiveCfg = Release|Any CPU
		{2C15B0E5-565B-450C-B25D-2745A8B0E9E2}.Release|Any CPU.Build.0 = Release|Any CPU
		{B27D0C4E-2654-4ED1-B67F-56C4BD48B0C6}.Debug|Any CPU.ActiveCfg = Debug|Any CPU
		{B27D0C4E-2654-4ED1-B67F-56C4BD48B0C6}.Debug|Any CPU.Build.0 = Debug|Any CPU
		{B27D0C4E-2654-4ED1-B67F-56C4BD48B0C6}.Release|Any CPU.ActiveCfg = Release|Any CPU
		{B27D0C4E-2654-4ED1-B67F-56C4BD48B0C6}.Release|Any CPU.Build.0 = Release|Any CPU
		{02262FDE-922E-41C3-9E29-C88D466522A4}.Debug|Any CPU.ActiveCfg = Debug|Any CPU
		{02262FDE-922E-41C3-9E29-C88D466522A4}.Debug|Any CPU.Build.0 = Debug|Any CPU
		{02262FDE-922E-41C3-9E29-C88D466522A4}.Release|Any CPU.ActiveCfg = Release|Any CPU
		{02262FDE-922E-41C3-9E29-C88D466522A4}.Release|Any CPU.Build.0 = Release|Any CPU
		{A050D0CF-8E71-40B2-BCDC-765100464E19}.Debug|Any CPU.ActiveCfg = Debug|Any CPU
		{A050D0CF-8E71-40B2-BCDC-765100464E19}.Debug|Any CPU.Build.0 = Debug|Any CPU
		{A050D0CF-8E71-40B2-BCDC-765100464E19}.Release|Any CPU.ActiveCfg = Release|Any CPU
		{A050D0CF-8E71-40B2-BCDC-765100464E19}.Release|Any CPU.Build.0 = Release|Any CPU
	EndGlobalSection
	GlobalSection(SolutionProperties) = preSolution
		HideSolutionNode = FALSE
	EndGlobalSection
	GlobalSection(NestedProjects) = preSolution
		{6D8EB8BD-F8AD-4FE1-995F-4EEFBC2BC8F5} = {35FBC9E0-CFBE-493E-B208-B6C1CC9C6769}
		{3CC9E16B-C337-420E-A9D2-D7203CE4ABFE} = {35FBC9E0-CFBE-493E-B208-B6C1CC9C6769}
		{F288127F-87A4-4BA7-AAC9-9F3ECCB1DC4B} = {BF8307A1-6073-47EC-85EF-FD68B3EF582A}
		{C87C967A-56C2-4340-91B1-E04B7C639F0B} = {35FBC9E0-CFBE-493E-B208-B6C1CC9C6769}
		{2C15B0E5-565B-450C-B25D-2745A8B0E9E2} = {B093D051-CCB5-40FA-8FA1-24B1D5C13AAB}
		{B27D0C4E-2654-4ED1-B67F-56C4BD48B0C6} = {B093D051-CCB5-40FA-8FA1-24B1D5C13AAB}
		{02262FDE-922E-41C3-9E29-C88D466522A4} = {B093D051-CCB5-40FA-8FA1-24B1D5C13AAB}
		{A050D0CF-8E71-40B2-BCDC-765100464E19} = {6ED43B58-CBFE-45B3-B24A-AAC955F18CFE}
	EndGlobalSection
EndGlobal
